
Microsoft Visual Studio Solution File, Format Version 12.00
# Visual Studio Version 17
VisualStudioVersion = 17.7.34031.279
MinimumVisualStudioVersion = 10.0.40219.1
Project("{9A19103F-16F7-4668-BE54-9A1E7A4F7556}") = "Aula 3", "Aula 3.csproj", "{03EF3FC1-2BDE-4750-90CD-6A126BB63DEA}"
EndProject
Project("{FAE04EC0-301F-11D3-BF4B-00C04F79EFBC}") = "Exercicio 2", "..\Exercicio 2\Exercicio 2.csproj", "{A8ED1283-672A-4917-BA1C-E867F470A7B9}"
EndProject
Global
	GlobalSection(SolutionConfigurationPlatforms) = preSolution
		Debug|Any CPU = Debug|Any CPU
		Release|Any CPU = Release|Any CPU
	EndGlobalSection
	GlobalSection(ProjectConfigurationPlatforms) = postSolution
		{03EF3FC1-2BDE-4750-90CD-6A126BB63DEA}.Debug|Any CPU.ActiveCfg = Debug|Any CPU
		{03EF3FC1-2BDE-4750-90CD-6A126BB63DEA}.Debug|Any CPU.Build.0 = Debug|Any CPU
		{03EF3FC1-2BDE-4750-90CD-6A126BB63DEA}.Release|Any CPU.ActiveCfg = Release|Any CPU
		{03EF3FC1-2BDE-4750-90CD-6A126BB63DEA}.Release|Any CPU.Build.0 = Release|Any CPU
		{A8ED1283-672A-4917-BA1C-E867F470A7B9}.Debug|Any CPU.ActiveCfg = Debug|Any CPU
		{A8ED1283-672A-4917-BA1C-E867F470A7B9}.Debug|Any CPU.Build.0 = Debug|Any CPU
		{A8ED1283-672A-4917-BA1C-E867F470A7B9}.Release|Any CPU.ActiveCfg = Release|Any CPU
		{A8ED1283-672A-4917-BA1C-E867F470A7B9}.Release|Any CPU.Build.0 = Release|Any CPU
	EndGlobalSection
	GlobalSection(SolutionProperties) = preSolution
		HideSolutionNode = FALSE
	EndGlobalSection
	GlobalSection(ExtensibilityGlobals) = postSolution
		SolutionGuid = {662F84C2-90B2-4C90-8F4D-EC43FCFF6DA0}
	EndGlobalSection
EndGlobal
